// !$*UTF8*$!
{
	archiveVersion = 1;
	classes = {
	};
	objectVersion = 50;
	objects = {

/* Begin PBXBuildFile section */
		113DC1C322E0405D00069824 /* AppDelegate.m in Sources */ = {isa = PBXBuildFile; fileRef = 113DC1C222E0405D00069824 /* AppDelegate.m */; };
		113DC1C622E0405D00069824 /* ViewController.m in Sources */ = {isa = PBXBuildFile; fileRef = 113DC1C522E0405D00069824 /* ViewController.m */; };
		113DC1C922E0405D00069824 /* Main.storyboard in Resources */ = {isa = PBXBuildFile; fileRef = 113DC1C722E0405D00069824 /* Main.storyboard */; };
		113DC1CB22E0406000069824 /* Assets.xcassets in Resources */ = {isa = PBXBuildFile; fileRef = 113DC1CA22E0406000069824 /* Assets.xcassets */; };
		113DC1CE22E0406000069824 /* LaunchScreen.storyboard in Resources */ = {isa = PBXBuildFile; fileRef = 113DC1CC22E0406000069824 /* LaunchScreen.storyboard */; };
		113DC1D122E0406000069824 /* main.m in Sources */ = {isa = PBXBuildFile; fileRef = 113DC1D022E0406000069824 /* main.m */; };
		113DC1DB22E0406000069824 /* RuntimeDemoTests.m in Sources */ = {isa = PBXBuildFile; fileRef = 113DC1DA22E0406000069824 /* RuntimeDemoTests.m */; };
		113DC1E622E0406000069824 /* RuntimeDemoUITests.m in Sources */ = {isa = PBXBuildFile; fileRef = 113DC1E522E0406000069824 /* RuntimeDemoUITests.m */; };
		113DC1F522E04DEE00069824 /* Student.m in Sources */ = {isa = PBXBuildFile; fileRef = 113DC1F422E04DEE00069824 /* Student.m */; };
/* End PBXBuildFile section */

/* Begin PBXContainerItemProxy section */
		113DC1D722E0406000069824 /* PBXContainerItemProxy */ = {
			isa = PBXContainerItemProxy;
			containerPortal = 113DC1B622E0405D00069824 /* Project object */;
			proxyType = 1;
			remoteGlobalIDString = 113DC1BD22E0405D00069824;
			remoteInfo = RuntimeDemo;
		};
		113DC1E222E0406000069824 /* PBXContainerItemProxy */ = {
			isa = PBXContainerItemProxy;
			containerPortal = 113DC1B622E0405D00069824 /* Project object */;
			proxyType = 1;
			remoteGlobalIDString = 113DC1BD22E0405D00069824;
			remoteInfo = RuntimeDemo;
		};
/* End PBXContainerItemProxy section */

/* Begin PBXFileReference section */
		113DC1BE22E0405D00069824 /* RuntimeDemo.app */ = {isa = PBXFileReference; explicitFileType = wrapper.application; includeInIndex = 0; path = RuntimeDemo.app; sourceTree = BUILT_PRODUCTS_DIR; };
		113DC1C122E0405D00069824 /* AppDelegate.h */ = {isa = PBXFileReference; lastKnownFileType = sourcecode.c.h; path = AppDelegate.h; sourceTree = "<group>"; };
		113DC1C222E0405D00069824 /* AppDelegate.m */ = {isa = PBXFileReference; lastKnownFileType = sourcecode.c.objc; path = AppDelegate.m; sourceTree = "<group>"; };
		113DC1C422E0405D00069824 /* ViewController.h */ = {isa = PBXFileReference; lastKnownFileType = sourcecode.c.h; path = ViewController.h; sourceTree = "<group>"; };
		113DC1C522E0405D00069824 /* ViewController.m */ = {isa = PBXFileReference; lastKnownFileType = sourcecode.c.objc; path = ViewController.m; sourceTree = "<group>"; };
		113DC1C822E0405D00069824 /* Base */ = {isa = PBXFileReference; lastKnownFileType = file.storyboard; name = Base; path = Base.lproj/Main.storyboard; sourceTree = "<group>"; };
		113DC1CA22E0406000069824 /* Assets.xcassets */ = {isa = PBXFileReference; lastKnownFileType = folder.assetcatalog; path = Assets.xcassets; sourceTree = "<group>"; };
		113DC1CD22E0406000069824 /* Base */ = {isa = PBXFileReference; lastKnownFileType = file.storyboard; name = Base; path = Base.lproj/LaunchScreen.storyboard; sourceTree = "<group>"; };
		113DC1CF22E0406000069824 /* Info.plist */ = {isa = PBXFileReference; lastKnownFileType = text.plist.xml; path = Info.plist; sourceTree = "<group>"; };
		113DC1D022E0406000069824 /* main.m */ = {isa = PBXFileReference; lastKnownFileType = sourcecode.c.objc; path = main.m; sourceTree = "<group>"; };
		113DC1D622E0406000069824 /* RuntimeDemoTests.xctest */ = {isa = PBXFileReference; explicitFileType = wrapper.cfbundle; includeInIndex = 0; path = RuntimeDemoTests.xctest; sourceTree = BUILT_PRODUCTS_DIR; };
		113DC1DA22E0406000069824 /* RuntimeDemoTests.m */ = {isa = PBXFileReference; lastKnownFileType = sourcecode.c.objc; path = RuntimeDemoTests.m; sourceTree = "<group>"; };
		113DC1DC22E0406000069824 /* Info.plist */ = {isa = PBXFileReference; lastKnownFileType = text.plist.xml; path = Info.plist; sourceTree = "<group>"; };
		113DC1E122E0406000069824 /* RuntimeDemoUITests.xctest */ = {isa = PBXFileReference; explicitFileType = wrapper.cfbundle; includeInIndex = 0; path = RuntimeDemoUITests.xctest; sourceTree = BUILT_PRODUCTS_DIR; };
		113DC1E522E0406000069824 /* RuntimeDemoUITests.m */ = {isa = PBXFileReference; lastKnownFileType = sourcecode.c.objc; path = RuntimeDemoUITests.m; sourceTree = "<group>"; };
		113DC1E722E0406000069824 /* Info.plist */ = {isa = PBXFileReference; lastKnownFileType = text.plist.xml; path = Info.plist; sourceTree = "<group>"; };
		113DC1F322E04DEE00069824 /* Student.h */ = {isa = PBXFileReference; lastKnownFileType = sourcecode.c.h; path = Student.h; sourceTree = "<group>"; };
		113DC1F422E04DEE00069824 /* Student.m */ = {isa = PBXFileReference; lastKnownFileType = sourcecode.c.objc; path = Student.m; sourceTree = "<group>"; };
/* End PBXFileReference section */

/* Begin PBXFrameworksBuildPhase section */
		113DC1BB22E0405D00069824 /* Frameworks */ = {
			isa = PBXFrameworksBuildPhase;
			buildActionMask = 2147483647;
			files = (
			);
			runOnlyForDeploymentPostprocessing = 0;
		};
		113DC1D322E0406000069824 /* Frameworks */ = {
			isa = PBXFrameworksBuildPhase;
			buildActionMask = 2147483647;
			files = (
			);
			runOnlyForDeploymentPostprocessing = 0;
		};
		113DC1DE22E0406000069824 /* Frameworks */ = {
			isa = PBXFrameworksBuildPhase;
			buildActionMask = 2147483647;
			files = (
			);
			runOnlyForDeploymentPostprocessing = 0;
		};
/* End PBXFrameworksBuildPhase section */

/* Begin PBXGroup section */
		113DC1B522E0405D00069824 = {
			isa = PBXGroup;
			children = (
				113DC1C022E0405D00069824 /* RuntimeDemo */,
				113DC1D922E0406000069824 /* RuntimeDemoTests */,
				113DC1E422E0406000069824 /* RuntimeDemoUITests */,
				113DC1BF22E0405D00069824 /* Products */,
			);
			sourceTree = "<group>";
		};
		113DC1BF22E0405D00069824 /* Products */ = {
			isa = PBXGroup;
			children = (
				113DC1BE22E0405D00069824 /* RuntimeDemo.app */,
				113DC1D622E0406000069824 /* RuntimeDemoTests.xctest */,
				113DC1E122E0406000069824 /* RuntimeDemoUITests.xctest */,
			);
			name = Products;
			sourceTree = "<group>";
		};
		113DC1C022E0405D00069824 /* RuntimeDemo */ = {
			isa = PBXGroup;
			children = (
				113DC1C122E0405D00069824 /* AppDelegate.h */,
				113DC1C222E0405D00069824 /* AppDelegate.m */,
				113DC1C422E0405D00069824 /* ViewController.h */,
				113DC1C522E0405D00069824 /* ViewController.m */,
				113DC1F322E04DEE00069824 /* Student.h */,
				113DC1F422E04DEE00069824 /* Student.m */,
				113DC1C722E0405D00069824 /* Main.storyboard */,
				113DC1CA22E0406000069824 /* Assets.xcassets */,
				113DC1CC22E0406000069824 /* LaunchScreen.storyboard */,
				113DC1CF22E0406000069824 /* Info.plist */,
				113DC1D022E0406000069824 /* main.m */,
			);
			path = RuntimeDemo;
			sourceTree = "<group>";
		};
		113DC1D922E0406000069824 /* RuntimeDemoTests */ = {
			isa = PBXGroup;
			children = (
				113DC1DA22E0406000069824 /* RuntimeDemoTests.m */,
				113DC1DC22E0406000069824 /* Info.plist */,
			);
			path = RuntimeDemoTests;
			sourceTree = "<group>";
		};
		113DC1E422E0406000069824 /* RuntimeDemoUITests */ = {
			isa = PBXGroup;
			children = (
				113DC1E522E0406000069824 /* RuntimeDemoUITests.m */,
				113DC1E722E0406000069824 /* Info.plist */,
			);
			path = RuntimeDemoUITests;
			sourceTree = "<group>";
		};
/* End PBXGroup section */

/* Begin PBXNativeTarget section */
		113DC1BD22E0405D00069824 /* RuntimeDemo */ = {
			isa = PBXNativeTarget;
			buildConfigurationList = 113DC1EA22E0406000069824 /* Build configuration list for PBXNativeTarget "RuntimeDemo" */;
			buildPhases = (
				113DC1BA22E0405D00069824 /* Sources */,
				113DC1BB22E0405D00069824 /* Frameworks */,
				113DC1BC22E0405D00069824 /* Resources */,
			);
			buildRules = (
			);
			dependencies = (
			);
			name = RuntimeDemo;
			productName = RuntimeDemo;
			productReference = 113DC1BE22E0405D00069824 /* RuntimeDemo.app */;
			productType = "com.apple.product-type.application";
		};
		113DC1D522E0406000069824 /* RuntimeDemoTests */ = {
			isa = PBXNativeTarget;
			buildConfigurationList = 113DC1ED22E0406000069824 /* Build configuration list for PBXNativeTarget "RuntimeDemoTests" */;
			buildPhases = (
				113DC1D222E0406000069824 /* Sources */,
				113DC1D322E0406000069824 /* Frameworks */,
				113DC1D422E0406000069824 /* Resources */,
			);
			buildRules = (
			);
			dependencies = (
				113DC1D822E0406000069824 /* PBXTargetDependency */,
			);
			name = RuntimeDemoTests;
			productName = RuntimeDemoTests;
			productReference = 113DC1D622E0406000069824 /* RuntimeDemoTests.xctest */;
			productType = "com.apple.product-type.bundle.unit-test";
		};
		113DC1E022E0406000069824 /* RuntimeDemoUITests */ = {
			isa = PBXNativeTarget;
			buildConfigurationList = 113DC1F022E0406000069824 /* Build configuration list for PBXNativeTarget "RuntimeDemoUITests" */;
			buildPhases = (
				113DC1DD22E0406000069824 /* Sources */,
				113DC1DE22E0406000069824 /* Frameworks */,
				113DC1DF22E0406000069824 /* Resources */,
			);
			buildRules = (
			);
			dependencies = (
				113DC1E322E0406000069824 /* PBXTargetDependency */,
			);
			name = RuntimeDemoUITests;
			productName = RuntimeDemoUITests;
			productReference = 113DC1E122E0406000069824 /* RuntimeDemoUITests.xctest */;
			productType = "com.apple.product-type.bundle.ui-testing";
		};
/* End PBXNativeTarget section */

/* Begin PBXProject section */
		113DC1B622E0405D00069824 /* Project object */ = {
			isa = PBXProject;
			attributes = {
				LastUpgradeCheck = 1020;
				ORGANIZATIONNAME = AlexanderYeah;
				TargetAttributes = {
					113DC1BD22E0405D00069824 = {
						CreatedOnToolsVersion = 10.2.1;
					};
					113DC1D522E0406000069824 = {
						CreatedOnToolsVersion = 10.2.1;
						TestTargetID = 113DC1BD22E0405D00069824;
					};
					113DC1E022E0406000069824 = {
						CreatedOnToolsVersion = 10.2.1;
						TestTargetID = 113DC1BD22E0405D00069824;
					};
				};
			};
			buildConfigurationList = 113DC1B922E0405D00069824 /* Build configuration list for PBXProject "RuntimeDemo" */;
			compatibilityVersion = "Xcode 9.3";
			developmentRegion = en;
			hasScannedForEncodings = 0;
			knownRegions = (
				en,
				Base,
			);
			mainGroup = 113DC1B522E0405D00069824;
			productRefGroup = 113DC1BF22E0405D00069824 /* Products */;
			projectDirPath = "";
			projectRoot = "";
			targets = (
				113DC1BD22E0405D00069824 /* RuntimeDemo */,
				113DC1D522E0406000069824 /* RuntimeDemoTests */,
				113DC1E022E0406000069824 /* RuntimeDemoUITests */,
			);
		};
/* End PBXProject section */

/* Begin PBXResourcesBuildPhase section */
		113DC1BC22E0405D00069824 /* Resources */ = {
			isa = PBXResourcesBuildPhase;
			buildActionMask = 2147483647;
			files = (
				113DC1CE22E0406000069824 /* LaunchScreen.storyboard in Resources */,
				113DC1CB22E0406000069824 /* Assets.xcassets in Resources */,
				113DC1C922E0405D00069824 /* Main.storyboard in Resources */,
			);
			runOnlyForDeploymentPostprocessing = 0;
		};
		113DC1D422E0406000069824 /* Resources */ = {
			isa = PBXResourcesBuildPhase;
			buildActionMask = 2147483647;
			files = (
			);
			runOnlyForDeploymentPostprocessing = 0;
		};
		113DC1DF22E0406000069824 /* Resources */ = {
			isa = PBXResourcesBuildPhase;
			buildActionMask = 2147483647;
			files = (
			);
			runOnlyForDeploymentPostprocessing = 0;
		};
/* End PBXResourcesBuildPhase section */

/* Begin PBXSourcesBuildPhase section */
		113DC1BA22E0405D00069824 /* Sources */ = {
			isa = PBXSourcesBuildPhase;
			buildActionMask = 2147483647;
			files = (
				113DC1C622E0405D00069824 /* ViewController.m in Sources */,
				113DC1D122E0406000069824 /* main.m in Sources */,
				113DC1C322E0405D00069824 /* AppDelegate.m in Sources */,
				113DC1F522E04DEE00069824 /* Student.m in Sources */,
			);
			runOnlyForDeploymentPostprocessing = 0;
		};
		113DC1D222E0406000069824 /* Sources */ = {
			isa = PBXSourcesBuildPhase;
			buildActionMask = 2147483647;
			files = (
				113DC1DB22E0406000069824 /* RuntimeDemoTests.m in Sources */,
			);
			runOnlyForDeploymentPostprocessing = 0;
		};
		113DC1DD22E0406000069824 /* Sources */ = {
			isa = PBXSourcesBuildPhase;
			buildActionMask = 2147483647;
			files = (
				113DC1E622E0406000069824 /* RuntimeDemoUITests.m in Sources */,
			);
			runOnlyForDeploymentPostprocessing = 0;
		};
/* End PBXSourcesBuildPhase section */

/* Begin PBXTargetDependency section */
		113DC1D822E0406000069824 /* PBXTargetDependency */ = {
			isa = PBXTargetDependency;
			target = 113DC1BD22E0405D00069824 /* RuntimeDemo */;
			targetProxy = 113DC1D722E0406000069824 /* PBXContainerItemProxy */;
		};
		113DC1E322E0406000069824 /* PBXTargetDependency */ = {
			isa = PBXTargetDependency;
			target = 113DC1BD22E0405D00069824 /* RuntimeDemo */;
			targetProxy = 113DC1E222E0406000069824 /* PBXContainerItemProxy */;
		};
/* End PBXTargetDependency section */

/* Begin PBXVariantGroup section */
		113DC1C722E0405D00069824 /* Main.storyboard */ = {
			isa = PBXVariantGroup;
			children = (
				113DC1C822E0405D00069824 /* Base */,
			);
			name = Main.storyboard;
			sourceTree = "<group>";
		};
		113DC1CC22E0406000069824 /* LaunchScreen.storyboard */ = {
			isa = PBXVariantGroup;
			children = (
				113DC1CD22E0406000069824 /* Base */,
			);
			name = LaunchScreen.storyboard;
			sourceTree = "<group>";
		};
/* End PBXVariantGroup section */

/* Begin XCBuildConfiguration section */
		113DC1E822E0406000069824 /* Debug */ = {
			isa = XCBuildConfiguration;
			buildSettings = {
				ALWAYS_SEARCH_USER_PATHS = NO;
				CLANG_ANALYZER_NONNULL = YES;
				CLANG_ANALYZER_NUMBER_OBJECT_CONVERSION = YES_AGGRESSIVE;
				CLANG_CXX_LANGUAGE_STANDARD = "gnu++14";
				CLANG_CXX_LIBRARY = "libc++";
				CLANG_ENABLE_MODULES = YES;
				CLANG_ENABLE_OBJC_ARC = YES;
				CLANG_ENABLE_OBJC_WEAK = YES;
				CLANG_WARN_BLOCK_CAPTURE_AUTORELEASING = YES;
				CLANG_WARN_BOOL_CONVERSION = YES;
				CLANG_WARN_COMMA = YES;
				CLANG_WARN_CONSTANT_CONVERSION = YES;
				CLANG_WARN_DEPRECATED_OBJC_IMPLEMENTATIONS = YES;
				CLANG_WARN_DIRECT_OBJC_ISA_USAGE = YES_ERROR;
				CLANG_WARN_DOCUMENTATION_COMMENTS = YES;
				CLANG_WARN_EMPTY_BODY = YES;
				CLANG_WARN_ENUM_CONVERSION = YES;
				CLANG_WARN_INFINITE_RECURSION = YES;
				CLANG_WARN_INT_CONVERSION = YES;
				CLANG_WARN_NON_LITERAL_NULL_CONVERSION = YES;
				CLANG_WARN_OBJC_IMPLICIT_RETAIN_SELF = YES;
				CLANG_WARN_OBJC_LITERAL_CONVERSION = YES;
				CLANG_WARN_OBJC_ROOT_CLASS = YES_ERROR;
				CLANG_WARN_RANGE_LOOP_ANALYSIS = YES;
				CLANG_WARN_STRICT_PROTOTYPES = YES;
				CLANG_WARN_SUSPICIOUS_MOVE = YES;
				CLANG_WARN_UNGUARDED_AVAILABILITY = YES_AGGRESSIVE;
				CLANG_WARN_UNREACHABLE_CODE = YES;
				CLANG_WARN__DUPLICATE_METHOD_MATCH = YES;
				CODE_SIGN_IDENTITY = "iPhone Developer";
				COPY_PHASE_STRIP = NO;
				DEBUG_INFORMATION_FORMAT = dwarf;
				ENABLE_STRICT_OBJC_MSGSEND = YES;
				ENABLE_TESTABILITY = YES;
				GCC_C_LANGUAGE_STANDARD = gnu11;
				GCC_DYNAMIC_NO_PIC = NO;
				GCC_NO_COMMON_BLOCKS = YES;
				GCC_OPTIMIZATION_LEVEL = 0;
				GCC_PREPROCESSOR_DEFINITIONS = (
					"DEBUG=1",
					"$(inherited)",
				);
				GCC_WARN_64_TO_32_BIT_CONVERSION = YES;
				GCC_WARN_ABOUT_RETURN_TYPE = YES_ERROR;
				GCC_WARN_UNDECLARED_SELECTOR = YES;
				GCC_WARN_UNINITIALIZED_AUTOS = YES_AGGRESSIVE;
				GCC_WARN_UNUSED_FUNCTION = YES;
				GCC_WARN_UNUSED_VARIABLE = YES;
				IPHONEOS_DEPLOYMENT_TARGET = 12.2;
				MTL_ENABLE_DEBUG_INFO = INCLUDE_SOURCE;
				MTL_FAST_MATH = YES;
				ONLY_ACTIVE_ARCH = YES;
				SDKROOT = iphoneos;
			};
			name = Debug;
		};
		113DC1E922E0406000069824 /* Release */ = {
			isa = XCBuildConfiguration;
			buildSettings = {
				ALWAYS_SEARCH_USER_PATHS = NO;
				CLANG_ANALYZER_NONNULL = YES;
				CLANG_ANALYZER_NUMBER_OBJECT_CONVERSION = YES_AGGRESSIVE;
				CLANG_CXX_LANGUAGE_STANDARD = "gnu++14";
				CLANG_CXX_LIBRARY = "libc++";
				CLANG_ENABLE_MODULES = YES;
				CLANG_ENABLE_OBJC_ARC = YES;
				CLANG_ENABLE_OBJC_WEAK = YES;
				CLANG_WARN_BLOCK_CAPTURE_AUTORELEASING = YES;
				CLANG_WARN_BOOL_CONVERSION = YES;
				CLANG_WARN_COMMA = YES;
				CLANG_WARN_CONSTANT_CONVERSION = YES;
				CLANG_WARN_DEPRECATED_OBJC_IMPLEMENTATIONS = YES;
				CLANG_WARN_DIRECT_OBJC_ISA_USAGE = YES_ERROR;
				CLANG_WARN_DOCUMENTATION_COMMENTS = YES;
				CLANG_WARN_EMPTY_BODY = YES;
				CLANG_WARN_ENUM_CONVERSION = YES;
				CLANG_WARN_INFINITE_RECURSION = YES;
				CLANG_WARN_INT_CONVERSION = YES;
				CLANG_WARN_NON_LITERAL_NULL_CONVERSION = YES;
				CLANG_WARN_OBJC_IMPLICIT_RETAIN_SELF = YES;
				CLANG_WARN_OBJC_LITERAL_CONVERSION = YES;
				CLANG_WARN_OBJC_ROOT_CLASS = YES_ERROR;
				CLANG_WARN_RANGE_LOOP_ANALYSIS = YES;
				CLANG_WARN_STRICT_PROTOTYPES = YES;
				CLANG_WARN_SUSPICIOUS_MOVE = YES;
				CLANG_WARN_UNGUARDED_AVAILABILITY = YES_AGGRESSIVE;
				CLANG_WARN_UNREACHABLE_CODE = YES;
				CLANG_WARN__DUPLICATE_METHOD_MATCH = YES;
				CODE_SIGN_IDENTITY = "iPhone Developer";
				COPY_PHASE_STRIP = NO;
				DEBUG_INFORMATION_FORMAT = "dwarf-with-dsym";
				ENABLE_NS_ASSERTIONS = NO;
				ENABLE_STRICT_OBJC_MSGSEND = YES;
				GCC_C_LANGUAGE_STANDARD = gnu11;
				GCC_NO_COMMON_BLOCKS = YES;
				GCC_WARN_64_TO_32_BIT_CONVERSION = YES;
				GCC_WARN_ABOUT_RETURN_TYPE = YES_ERROR;
				GCC_WARN_UNDECLARED_SELECTOR = YES;
				GCC_WARN_UNINITIALIZED_AUTOS = YES_AGGRESSIVE;
				GCC_WARN_UNUSED_FUNCTION = YES;
				GCC_WARN_UNUSED_VARIABLE = YES;
				IPHONEOS_DEPLOYMENT_TARGET = 12.2;
				MTL_ENABLE_DEBUG_INFO = NO;
				MTL_FAST_MATH = YES;
				SDKROOT = iphoneos;
				VALIDATE_PRODUCT = YES;
			};
			name = Release;
		};
		113DC1EB22E0406000069824 /* Debug */ = {
			isa = XCBuildConfiguration;
			buildSettings = {
				ASSETCATALOG_COMPILER_APPICON_NAME = AppIcon;
				CODE_SIGN_STYLE = Automatic;
				INFOPLIST_FILE = RuntimeDemo/Info.plist;
				LD_RUNPATH_SEARCH_PATHS = (
					"$(inherited)",
					"@executable_path/Frameworks",
				);
				PRODUCT_BUNDLE_IDENTIFIER = AlexanderYeah.RuntimeDemo;
				PRODUCT_NAME = "$(TARGET_NAME)";
				TARGETED_DEVICE_FAMILY = "1,2";
			};
			name = Debug;
		};
		113DC1EC22E0406000069824 /* Release */ = {
			isa = XCBuildConfiguration;
			buildSettings = {
				ASSETCATALOG_COMPILER_APPICON_NAME = AppIcon;
				CODE_SIGN_STYLE = Automatic;
				INFOPLIST_FILE = RuntimeDemo/Info.plist;
				LD_RUNPATH_SEARCH_PATHS = (
					"$(inherited)",
					"@executable_path/Frameworks",
				);
				PRODUCT_BUNDLE_IDENTIFIER = AlexanderYeah.RuntimeDemo;
				PRODUCT_NAME = "$(TARGET_NAME)";
				TARGETED_DEVICE_FAMILY = "1,2";
			};
			name = Release;
		};
		113DC1EE22E0406000069824 /* Debug */ = {
			isa = XCBuildConfiguration;
			buildSettings = {
				BUNDLE_LOADER = "$(TEST_HOST)";
				CODE_SIGN_STYLE = Automatic;
				INFOPLIST_FILE = RuntimeDemoTests/Info.plist;
				LD_RUNPATH_SEARCH_PATHS = (
					"$(inherited)",
					"@executable_path/Frameworks",
					"@loader_path/Frameworks",
				);
				PRODUCT_BUNDLE_IDENTIFIER = AlexanderYeah.RuntimeDemoTests;
				PRODUCT_NAME = "$(TARGET_NAME)";
				TARGETED_DEVICE_FAMILY = "1,2";
				TEST_HOST = "$(BUILT_PRODUCTS_DIR)/RuntimeDemo.app/RuntimeDemo";
			};
			name = Debug;
		};
		113DC1EF22E0406000069824 /* Release */ = {
			isa = XCBuildConfiguration;
			buildSettings = {
				BUNDLE_LOADER = "$(TEST_HOST)";
				CODE_SIGN_STYLE = Automatic;
				INFOPLIST_FILE = RuntimeDemoTests/Info.plist;
				LD_RUNPATH_SEARCH_PATHS = (
					"$(inherited)",
					"@executable_path/Frameworks",
					"@loader_path/Frameworks",
				);
				PRODUCT_BUNDLE_IDENTIFIER = AlexanderYeah.RuntimeDemoTests;
				PRODUCT_NAME = "$(TARGET_NAME)";
				TARGETED_DEVICE_FAMILY = "1,2";
				TEST_HOST = "$(BUILT_PRODUCTS_DIR)/RuntimeDemo.app/RuntimeDemo";
			};
			name = Release;
		};
		113DC1F122E0406000069824 /* Debug */ = {
			isa = XCBuildConfiguration;
			buildSettings = {
				CODE_SIGN_STYLE = Automatic;
				INFOPLIST_FILE = RuntimeDemoUITests/Info.plist;
				LD_RUNPATH_SEARCH_PATHS = (
					"$(inherited)",
					"@executable_path/Frameworks",
					"@loader_path/Frameworks",
				);
				PRODUCT_BUNDLE_IDENTIFIER = AlexanderYeah.RuntimeDemoUITests;
				PRODUCT_NAME = "$(TARGET_NAME)";
				TARGETED_DEVICE_FAMILY = "1,2";
				TEST_TARGET_NAME = RuntimeDemo;
			};
			name = Debug;
		};
		113DC1F222E0406000069824 /* Release */ = {
			isa = XCBuildConfiguration;
			buildSettings = {
				CODE_SIGN_STYLE = Automatic;
				INFOPLIST_FILE = RuntimeDemoUITests/Info.plist;
				LD_RUNPATH_SEARCH_PATHS = (
					"$(inherited)",
					"@executable_path/Frameworks",
					"@loader_path/Frameworks",
				);
				PRODUCT_BUNDLE_IDENTIFIER = AlexanderYeah.RuntimeDemoUITests;
				PRODUCT_NAME = "$(TARGET_NAME)";
				TARGETED_DEVICE_FAMILY = "1,2";
				TEST_TARGET_NAME = RuntimeDemo;
			};
			name = Release;
		};
/* End XCBuildConfiguration section */

/* Begin XCConfigurationList section */
		113DC1B922E0405D00069824 /* Build configuration list for PBXProject "RuntimeDemo" */ = {
			isa = XCConfigurationList;
			buildConfigurations = (
				113DC1E822E0406000069824 /* Debug */,
				113DC1E922E0406000069824 /* Release */,
			);
			defaultConfigurationIsVisible = 0;
			defaultConfigurationName = Release;
		};
		113DC1EA22E0406000069824 /* Build configuration list for PBXNativeTarget "RuntimeDemo" */ = {
			isa = XCConfigurationList;
			buildConfigurations = (
				113DC1EB22E0406000069824 /* Debug */,
				113DC1EC22E0406000069824 /* Release */,
			);
			defaultConfigurationIsVisible = 0;
			defaultConfigurationName = Release;
		};
		113DC1ED22E0406000069824 /* Build configuration list for PBXNativeTarget "RuntimeDemoTests" */ = {
			isa = XCConfigurationList;
			buildConfigurations = (
				113DC1EE22E0406000069824 /* Debug */,
				113DC1EF22E0406000069824 /* Release */,
			);
			defaultConfigurationIsVisible = 0;
			defaultConfigurationName = Release;
		};
		113DC1F022E0406000069824 /* Build configuration list for PBXNativeTarget "RuntimeDemoUITests" */ = {
			isa = XCConfigurationList;
			buildConfigurations = (
				113DC1F122E0406000069824 /* Debug */,
				113DC1F222E0406000069824 /* Release */,
			);
			defaultConfigurationIsVisible = 0;
			defaultConfigurationName = Release;
		};
/* End XCConfigurationList section */
	};
	rootObject = 113DC1B622E0405D00069824 /* Project object */;
}
